// !$*UTF8*$!
{
	archiveVersion = 1;
	classes = {
	};
	objectVersion = 46;
	objects = {

/* Begin PBXBuildFile section */
		024DFF561EAB8DC9007A16B3 /* AppDelegate.swift in Sources */ = {isa = PBXBuildFile; fileRef = 024DFF551EAB8DC9007A16B3 /* AppDelegate.swift */; };
		024DFF5D1EAB8DC9007A16B3 /* Assets.xcassets in Resources */ = {isa = PBXBuildFile; fileRef = 024DFF5C1EAB8DC9007A16B3 /* Assets.xcassets */; };
		024DFF601EAB8DC9007A16B3 /* LaunchScreen.storyboard in Resources */ = {isa = PBXBuildFile; fileRef = 024DFF5E1EAB8DC9007A16B3 /* LaunchScreen.storyboard */; };
		024DFF6B1EAB9108007A16B3 /* MenuViewController.swift in Sources */ = {isa = PBXBuildFile; fileRef = 024DFF6A1EAB9108007A16B3 /* MenuViewController.swift */; };
		024DFF6D1EAB9129007A16B3 /* LayoutBuilder.swift in Sources */ = {isa = PBXBuildFile; fileRef = 024DFF6C1EAB9129007A16B3 /* LayoutBuilder.swift */; };
		024DFF6F1EAB920A007A16B3 /* Array+NSLayoutConstraint.swift in Sources */ = {isa = PBXBuildFile; fileRef = 024DFF6E1EAB920A007A16B3 /* Array+NSLayoutConstraint.swift */; };
		024DFF711EAB930E007A16B3 /* Reusable.swift in Sources */ = {isa = PBXBuildFile; fileRef = 024DFF701EAB930E007A16B3 /* Reusable.swift */; };
		024DFF731EAB9386007A16B3 /* CellHelpers.swift in Sources */ = {isa = PBXBuildFile; fileRef = 024DFF721EAB9386007A16B3 /* CellHelpers.swift */; };
		024DFF751EAB9BB8007A16B3 /* CarouselCollectionViewController.swift in Sources */ = {isa = PBXBuildFile; fileRef = 024DFF741EAB9BB8007A16B3 /* CarouselCollectionViewController.swift */; };
		024DFF7E1EABC38D007A16B3 /* AutoresizingCellsViewController.swift in Sources */ = {isa = PBXBuildFile; fileRef = 024DFF7D1EABC38D007A16B3 /* AutoresizingCellsViewController.swift */; };
		024DFF801EABC3A8007A16B3 /* AutoresizingItem.swift in Sources */ = {isa = PBXBuildFile; fileRef = 024DFF7F1EABC3A8007A16B3 /* AutoresizingItem.swift */; };
		024DFF821EABC3BA007A16B3 /* AutoresizingCell.swift in Sources */ = {isa = PBXBuildFile; fileRef = 024DFF811EABC3BA007A16B3 /* AutoresizingCell.swift */; };
		024DFF841EABC95F007A16B3 /* Colors.swift in Sources */ = {isa = PBXBuildFile; fileRef = 024DFF831EABC95F007A16B3 /* Colors.swift */; };
		024DFF861EABCE89007A16B3 /* LoremIpsum.swift in Sources */ = {isa = PBXBuildFile; fileRef = 024DFF851EABCE89007A16B3 /* LoremIpsum.swift */; };
		024DFF881EABD811007A16B3 /* CarouselItem.swift in Sources */ = {isa = PBXBuildFile; fileRef = 024DFF871EABD811007A16B3 /* CarouselItem.swift */; };
		024DFF8A1EABD817007A16B3 /* CarouselCell.swift in Sources */ = {isa = PBXBuildFile; fileRef = 024DFF891EABD817007A16B3 /* CarouselCell.swift */; };
		024DFF8C1EABD8A6007A16B3 /* CarouselCellFlowLayout.swift in Sources */ = {isa = PBXBuildFile; fileRef = 024DFF8B1EABD8A6007A16B3 /* CarouselCellFlowLayout.swift */; };
		024DFF911EABF849007A16B3 /* FixedVerticalCarouselController.swift in Sources */ = {isa = PBXBuildFile; fileRef = 024DFF901EABF849007A16B3 /* FixedVerticalCarouselController.swift */; };
		024DFF931EABF89F007A16B3 /* FixedVerticalCarouselCell.swift in Sources */ = {isa = PBXBuildFile; fileRef = 024DFF921EABF89F007A16B3 /* FixedVerticalCarouselCell.swift */; };
		024DFF951EABF8AF007A16B3 /* FixedVerticalCarouselItem.swift in Sources */ = {isa = PBXBuildFile; fileRef = 024DFF941EABF8AF007A16B3 /* FixedVerticalCarouselItem.swift */; };
		024DFF971EABF8BD007A16B3 /* FixedVerticalCarouselLayout.swift in Sources */ = {isa = PBXBuildFile; fileRef = 024DFF961EABF8BD007A16B3 /* FixedVerticalCarouselLayout.swift */; };
		024DFF991EACBE85007A16B3 /* AlignedItem.swift in Sources */ = {isa = PBXBuildFile; fileRef = 024DFF981EACBE85007A16B3 /* AlignedItem.swift */; };
		024DFF9B1EACBE91007A16B3 /* AlignedCell.swift in Sources */ = {isa = PBXBuildFile; fileRef = 024DFF9A1EACBE91007A16B3 /* AlignedCell.swift */; };
		024DFF9D1EACBE97007A16B3 /* AlignedLayout.swift in Sources */ = {isa = PBXBuildFile; fileRef = 024DFF9C1EACBE97007A16B3 /* AlignedLayout.swift */; };
		024DFF9F1EACBEA3007A16B3 /* AlignedViewController.swift in Sources */ = {isa = PBXBuildFile; fileRef = 024DFF9E1EACBEA3007A16B3 /* AlignedViewController.swift */; };
		024DFFA61EACD9B2007A16B3 /* StretchingHeaderFlowLayout.swift in Sources */ = {isa = PBXBuildFile; fileRef = 024DFFA51EACD9B2007A16B3 /* StretchingHeaderFlowLayout.swift */; };
		024DFFA81EACD9E0007A16B3 /* StretchingHeaderItem.swift in Sources */ = {isa = PBXBuildFile; fileRef = 024DFFA71EACD9E0007A16B3 /* StretchingHeaderItem.swift */; };
		024DFFAA1EACD9ED007A16B3 /* StretchingHeaderCell.swift in Sources */ = {isa = PBXBuildFile; fileRef = 024DFFA91EACD9ED007A16B3 /* StretchingHeaderCell.swift */; };
		024DFFAC1EACD9F7007A16B3 /* StretchingHeaderController.swift in Sources */ = {isa = PBXBuildFile; fileRef = 024DFFAB1EACD9F7007A16B3 /* StretchingHeaderController.swift */; };
		024DFFAE1EACDD38007A16B3 /* StretchingHeaderView.swift in Sources */ = {isa = PBXBuildFile; fileRef = 024DFFAD1EACDD38007A16B3 /* StretchingHeaderView.swift */; };
		024DFFB01EAD1241007A16B3 /* ExpandingLayout.swift in Sources */ = {isa = PBXBuildFile; fileRef = 024DFFAF1EAD1241007A16B3 /* ExpandingLayout.swift */; };
		024DFFB21EAD1258007A16B3 /* ExpandingViewController.swift in Sources */ = {isa = PBXBuildFile; fileRef = 024DFFB11EAD1258007A16B3 /* ExpandingViewController.swift */; };
		024DFFB41EAD1261007A16B3 /* ExpandingItem.swift in Sources */ = {isa = PBXBuildFile; fileRef = 024DFFB31EAD1261007A16B3 /* ExpandingItem.swift */; };
		024DFFB61EAD1266007A16B3 /* ExpandingCell.swift in Sources */ = {isa = PBXBuildFile; fileRef = 024DFFB51EAD1266007A16B3 /* ExpandingCell.swift */; };
		026CA9F81EB604FD004B1AB1 /* CircleItem.swift in Sources */ = {isa = PBXBuildFile; fileRef = 026CA9F71EB604FD004B1AB1 /* CircleItem.swift */; };
		026CA9FA1EB6050F004B1AB1 /* CircleCell.swift in Sources */ = {isa = PBXBuildFile; fileRef = 026CA9F91EB6050F004B1AB1 /* CircleCell.swift */; };
		026CA9FC1EB6051B004B1AB1 /* CircleLayout.swift in Sources */ = {isa = PBXBuildFile; fileRef = 026CA9FB1EB6051B004B1AB1 /* CircleLayout.swift */; };
		026CA9FE1EB60521004B1AB1 /* CircleViewController.swift in Sources */ = {isa = PBXBuildFile; fileRef = 026CA9FD1EB60521004B1AB1 /* CircleViewController.swift */; };
		026CAA021EB62A3F004B1AB1 /* ArcItem.swift in Sources */ = {isa = PBXBuildFile; fileRef = 026CAA011EB62A3F004B1AB1 /* ArcItem.swift */; };
		026CAA041EB62A48004B1AB1 /* ArcCell.swift in Sources */ = {isa = PBXBuildFile; fileRef = 026CAA031EB62A48004B1AB1 /* ArcCell.swift */; };
		026CAA061EB62A59004B1AB1 /* ArcViewController.swift in Sources */ = {isa = PBXBuildFile; fileRef = 026CAA051EB62A59004B1AB1 /* ArcViewController.swift */; };
		026CAA081EB62A6C004B1AB1 /* ArcLayout.swift in Sources */ = {isa = PBXBuildFile; fileRef = 026CAA071EB62A6C004B1AB1 /* ArcLayout.swift */; };
		026CAA0A1EB650C5004B1AB1 /* StickyCell.swift in Sources */ = {isa = PBXBuildFile; fileRef = 026CAA091EB650C5004B1AB1 /* StickyCell.swift */; };
		026CAA0C1EB650E0004B1AB1 /* StickyItem.swift in Sources */ = {isa = PBXBuildFile; fileRef = 026CAA0B1EB650E0004B1AB1 /* StickyItem.swift */; };
		026CAA0E1EB650EA004B1AB1 /* StickyViewController.swift in Sources */ = {isa = PBXBuildFile; fileRef = 026CAA0D1EB650EA004B1AB1 /* StickyViewController.swift */; };
		026CAA101EB650F8004B1AB1 /* StickyLayout.swift in Sources */ = {isa = PBXBuildFile; fileRef = 026CAA0F1EB650F8004B1AB1 /* StickyLayout.swift */; };
		026CAA121EB67BEA004B1AB1 /* StickyHeader.swift in Sources */ = {isa = PBXBuildFile; fileRef = 026CAA111EB67BEA004B1AB1 /* StickyHeader.swift */; };
		026CAA141EB75FED004B1AB1 /* TinderLikeViewController.swift in Sources */ = {isa = PBXBuildFile; fileRef = 026CAA131EB75FED004B1AB1 /* TinderLikeViewController.swift */; };
		026CAA161EB75FF5004B1AB1 /* TinderLikeCell.swift in Sources */ = {isa = PBXBuildFile; fileRef = 026CAA151EB75FF5004B1AB1 /* TinderLikeCell.swift */; };
		026CAA181EB75FFC004B1AB1 /* TinderLikeItem.swift in Sources */ = {isa = PBXBuildFile; fileRef = 026CAA171EB75FFC004B1AB1 /* TinderLikeItem.swift */; };
		026CAA1A1EB7600F004B1AB1 /* TinderLikeLayout.swift in Sources */ = {isa = PBXBuildFile; fileRef = 026CAA191EB7600F004B1AB1 /* TinderLikeLayout.swift */; };
		340550279246F9D9439B73F2 /* Pods_Layouts.framework in Frameworks */ = {isa = PBXBuildFile; fileRef = 063FF53B3CC7BB6759908D0D /* Pods_Layouts.framework */; };
/* End PBXBuildFile section */

/* Begin PBXFileReference section */
		024DFF521EAB8DC9007A16B3 /* Layouts.app */ = {isa = PBXFileReference; explicitFileType = wrapper.application; includeInIndex = 0; path = Layouts.app; sourceTree = BUILT_PRODUCTS_DIR; };
		024DFF551EAB8DC9007A16B3 /* AppDelegate.swift */ = {isa = PBXFileReference; lastKnownFileType = sourcecode.swift; path = AppDelegate.swift; sourceTree = "<group>"; };
		024DFF5C1EAB8DC9007A16B3 /* Assets.xcassets */ = {isa = PBXFileReference; lastKnownFileType = folder.assetcatalog; path = Assets.xcassets; sourceTree = "<group>"; };
		024DFF5F1EAB8DC9007A16B3 /* Base */ = {isa = PBXFileReference; lastKnownFileType = file.storyboard; name = Base; path = Base.lproj/LaunchScreen.storyboard; sourceTree = "<group>"; };
		024DFF611EAB8DC9007A16B3 /* Info.plist */ = {isa = PBXFileReference; lastKnownFileType = text.plist.xml; path = Info.plist; sourceTree = "<group>"; };
		024DFF6A1EAB9108007A16B3 /* MenuViewController.swift */ = {isa = PBXFileReference; fileEncoding = 4; lastKnownFileType = sourcecode.swift; path = MenuViewController.swift; sourceTree = "<group>"; };
		024DFF6C1EAB9129007A16B3 /* LayoutBuilder.swift */ = {isa = PBXFileReference; fileEncoding = 4; lastKnownFileType = sourcecode.swift; path = LayoutBuilder.swift; sourceTree = "<group>"; };
		024DFF6E1EAB920A007A16B3 /* Array+NSLayoutConstraint.swift */ = {isa = PBXFileReference; fileEncoding = 4; lastKnownFileType = sourcecode.swift; path = "Array+NSLayoutConstraint.swift"; sourceTree = "<group>"; };
		024DFF701EAB930E007A16B3 /* Reusable.swift */ = {isa = PBXFileReference; fileEncoding = 4; lastKnownFileType = sourcecode.swift; path = Reusable.swift; sourceTree = "<group>"; };
		024DFF721EAB9386007A16B3 /* CellHelpers.swift */ = {isa = PBXFileReference; fileEncoding = 4; lastKnownFileType = sourcecode.swift; path = CellHelpers.swift; sourceTree = "<group>"; };
		024DFF741EAB9BB8007A16B3 /* CarouselCollectionViewController.swift */ = {isa = PBXFileReference; fileEncoding = 4; lastKnownFileType = sourcecode.swift; path = CarouselCollectionViewController.swift; sourceTree = "<group>"; };
		024DFF7D1EABC38D007A16B3 /* AutoresizingCellsViewController.swift */ = {isa = PBXFileReference; fileEncoding = 4; lastKnownFileType = sourcecode.swift; path = AutoresizingCellsViewController.swift; sourceTree = "<group>"; };
		024DFF7F1EABC3A8007A16B3 /* AutoresizingItem.swift */ = {isa = PBXFileReference; fileEncoding = 4; lastKnownFileType = sourcecode.swift; path = AutoresizingItem.swift; sourceTree = "<group>"; };
		024DFF811EABC3BA007A16B3 /* AutoresizingCell.swift */ = {isa = PBXFileReference; fileEncoding = 4; lastKnownFileType = sourcecode.swift; path = AutoresizingCell.swift; sourceTree = "<group>"; };
		024DFF831EABC95F007A16B3 /* Colors.swift */ = {isa = PBXFileReference; fileEncoding = 4; lastKnownFileType = sourcecode.swift; path = Colors.swift; sourceTree = "<group>"; };
		024DFF851EABCE89007A16B3 /* LoremIpsum.swift */ = {isa = PBXFileReference; fileEncoding = 4; lastKnownFileType = sourcecode.swift; path = LoremIpsum.swift; sourceTree = "<group>"; };
		024DFF871EABD811007A16B3 /* CarouselItem.swift */ = {isa = PBXFileReference; fileEncoding = 4; lastKnownFileType = sourcecode.swift; path = CarouselItem.swift; sourceTree = "<group>"; };
		024DFF891EABD817007A16B3 /* CarouselCell.swift */ = {isa = PBXFileReference; fileEncoding = 4; lastKnownFileType = sourcecode.swift; path = CarouselCell.swift; sourceTree = "<group>"; };
		024DFF8B1EABD8A6007A16B3 /* CarouselCellFlowLayout.swift */ = {isa = PBXFileReference; fileEncoding = 4; lastKnownFileType = sourcecode.swift; path = CarouselCellFlowLayout.swift; sourceTree = "<group>"; };
		024DFF901EABF849007A16B3 /* FixedVerticalCarouselController.swift */ = {isa = PBXFileReference; fileEncoding = 4; lastKnownFileType = sourcecode.swift; path = FixedVerticalCarouselController.swift; sourceTree = "<group>"; };
		024DFF921EABF89F007A16B3 /* FixedVerticalCarouselCell.swift */ = {isa = PBXFileReference; fileEncoding = 4; lastKnownFileType = sourcecode.swift; path = FixedVerticalCarouselCell.swift; sourceTree = "<group>"; };
		024DFF941EABF8AF007A16B3 /* FixedVerticalCarouselItem.swift */ = {isa = PBXFileReference; fileEncoding = 4; lastKnownFileType = sourcecode.swift; path = FixedVerticalCarouselItem.swift; sourceTree = "<group>"; };
		024DFF961EABF8BD007A16B3 /* FixedVerticalCarouselLayout.swift */ = {isa = PBXFileReference; fileEncoding = 4; lastKnownFileType = sourcecode.swift; path = FixedVerticalCarouselLayout.swift; sourceTree = "<group>"; };
		024DFF981EACBE85007A16B3 /* AlignedItem.swift */ = {isa = PBXFileReference; fileEncoding = 4; lastKnownFileType = sourcecode.swift; path = AlignedItem.swift; sourceTree = "<group>"; };
		024DFF9A1EACBE91007A16B3 /* AlignedCell.swift */ = {isa = PBXFileReference; fileEncoding = 4; lastKnownFileType = sourcecode.swift; path = AlignedCell.swift; sourceTree = "<group>"; };
		024DFF9C1EACBE97007A16B3 /* AlignedLayout.swift */ = {isa = PBXFileReference; fileEncoding = 4; lastKnownFileType = sourcecode.swift; path = AlignedLayout.swift; sourceTree = "<group>"; };
		024DFF9E1EACBEA3007A16B3 /* AlignedViewController.swift */ = {isa = PBXFileReference; fileEncoding = 4; lastKnownFileType = sourcecode.swift; path = AlignedViewController.swift; sourceTree = "<group>"; };
		024DFFA51EACD9B2007A16B3 /* StretchingHeaderFlowLayout.swift */ = {isa = PBXFileReference; fileEncoding = 4; lastKnownFileType = sourcecode.swift; path = StretchingHeaderFlowLayout.swift; sourceTree = "<group>"; };
		024DFFA71EACD9E0007A16B3 /* StretchingHeaderItem.swift */ = {isa = PBXFileReference; fileEncoding = 4; lastKnownFileType = sourcecode.swift; path = StretchingHeaderItem.swift; sourceTree = "<group>"; };
		024DFFA91EACD9ED007A16B3 /* StretchingHeaderCell.swift */ = {isa = PBXFileReference; fileEncoding = 4; lastKnownFileType = sourcecode.swift; path = StretchingHeaderCell.swift; sourceTree = "<group>"; };
		024DFFAB1EACD9F7007A16B3 /* StretchingHeaderController.swift */ = {isa = PBXFileReference; fileEncoding = 4; lastKnownFileType = sourcecode.swift; path = StretchingHeaderController.swift; sourceTree = "<group>"; };
		024DFFAD1EACDD38007A16B3 /* StretchingHeaderView.swift */ = {isa = PBXFileReference; fileEncoding = 4; lastKnownFileType = sourcecode.swift; path = StretchingHeaderView.swift; sourceTree = "<group>"; };
		024DFFAF1EAD1241007A16B3 /* ExpandingLayout.swift */ = {isa = PBXFileReference; fileEncoding = 4; lastKnownFileType = sourcecode.swift; path = ExpandingLayout.swift; sourceTree = "<group>"; };
		024DFFB11EAD1258007A16B3 /* ExpandingViewController.swift */ = {isa = PBXFileReference; fileEncoding = 4; lastKnownFileType = sourcecode.swift; path = ExpandingViewController.swift; sourceTree = "<group>"; };
		024DFFB31EAD1261007A16B3 /* ExpandingItem.swift */ = {isa = PBXFileReference; fileEncoding = 4; lastKnownFileType = sourcecode.swift; path = ExpandingItem.swift; sourceTree = "<group>"; };
		024DFFB51EAD1266007A16B3 /* ExpandingCell.swift */ = {isa = PBXFileReference; fileEncoding = 4; lastKnownFileType = sourcecode.swift; path = ExpandingCell.swift; sourceTree = "<group>"; };
		026CA9F71EB604FD004B1AB1 /* CircleItem.swift */ = {isa = PBXFileReference; fileEncoding = 4; lastKnownFileType = sourcecode.swift; path = CircleItem.swift; sourceTree = "<group>"; };
		026CA9F91EB6050F004B1AB1 /* CircleCell.swift */ = {isa = PBXFileReference; fileEncoding = 4; lastKnownFileType = sourcecode.swift; path = CircleCell.swift; sourceTree = "<group>"; };
		026CA9FB1EB6051B004B1AB1 /* CircleLayout.swift */ = {isa = PBXFileReference; fileEncoding = 4; lastKnownFileType = sourcecode.swift; path = CircleLayout.swift; sourceTree = "<group>"; };
		026CA9FD1EB60521004B1AB1 /* CircleViewController.swift */ = {isa = PBXFileReference; fileEncoding = 4; lastKnownFileType = sourcecode.swift; path = CircleViewController.swift; sourceTree = "<group>"; };
		026CAA011EB62A3F004B1AB1 /* ArcItem.swift */ = {isa = PBXFileReference; fileEncoding = 4; lastKnownFileType = sourcecode.swift; path = ArcItem.swift; sourceTree = "<group>"; };
		026CAA031EB62A48004B1AB1 /* ArcCell.swift */ = {isa = PBXFileReference; fileEncoding = 4; lastKnownFileType = sourcecode.swift; path = ArcCell.swift; sourceTree = "<group>"; };
		026CAA051EB62A59004B1AB1 /* ArcViewController.swift */ = {isa = PBXFileReference; fileEncoding = 4; lastKnownFileType = sourcecode.swift; path = ArcViewController.swift; sourceTree = "<group>"; };
		026CAA071EB62A6C004B1AB1 /* ArcLayout.swift */ = {isa = PBXFileReference; fileEncoding = 4; lastKnownFileType = sourcecode.swift; path = ArcLayout.swift; sourceTree = "<group>"; };
		026CAA091EB650C5004B1AB1 /* StickyCell.swift */ = {isa = PBXFileReference; fileEncoding = 4; lastKnownFileType = sourcecode.swift; path = StickyCell.swift; sourceTree = "<group>"; };
		026CAA0B1EB650E0004B1AB1 /* StickyItem.swift */ = {isa = PBXFileReference; fileEncoding = 4; lastKnownFileType = sourcecode.swift; path = StickyItem.swift; sourceTree = "<group>"; };
		026CAA0D1EB650EA004B1AB1 /* StickyViewController.swift */ = {isa = PBXFileReference; fileEncoding = 4; lastKnownFileType = sourcecode.swift; path = StickyViewController.swift; sourceTree = "<group>"; };
		026CAA0F1EB650F8004B1AB1 /* StickyLayout.swift */ = {isa = PBXFileReference; fileEncoding = 4; lastKnownFileType = sourcecode.swift; path = StickyLayout.swift; sourceTree = "<group>"; };
		026CAA111EB67BEA004B1AB1 /* StickyHeader.swift */ = {isa = PBXFileReference; fileEncoding = 4; lastKnownFileType = sourcecode.swift; path = StickyHeader.swift; sourceTree = "<group>"; };
		026CAA131EB75FED004B1AB1 /* TinderLikeViewController.swift */ = {isa = PBXFileReference; fileEncoding = 4; lastKnownFileType = sourcecode.swift; path = TinderLikeViewController.swift; sourceTree = "<group>"; };
		026CAA151EB75FF5004B1AB1 /* TinderLikeCell.swift */ = {isa = PBXFileReference; fileEncoding = 4; lastKnownFileType = sourcecode.swift; path = TinderLikeCell.swift; sourceTree = "<group>"; };
		026CAA171EB75FFC004B1AB1 /* TinderLikeItem.swift */ = {isa = PBXFileReference; fileEncoding = 4; lastKnownFileType = sourcecode.swift; path = TinderLikeItem.swift; sourceTree = "<group>"; };
		026CAA191EB7600F004B1AB1 /* TinderLikeLayout.swift */ = {isa = PBXFileReference; fileEncoding = 4; lastKnownFileType = sourcecode.swift; path = TinderLikeLayout.swift; sourceTree = "<group>"; };
		063FF53B3CC7BB6759908D0D /* Pods_Layouts.framework */ = {isa = PBXFileReference; explicitFileType = wrapper.framework; includeInIndex = 0; path = Pods_Layouts.framework; sourceTree = BUILT_PRODUCTS_DIR; };
		0B4DDBA550E56C16ECC94761 /* Pods-Layouts.debug.xcconfig */ = {isa = PBXFileReference; includeInIndex = 1; lastKnownFileType = text.xcconfig; name = "Pods-Layouts.debug.xcconfig"; path = "Pods/Target Support Files/Pods-Layouts/Pods-Layouts.debug.xcconfig"; sourceTree = "<group>"; };
		369C4ADE8EC655D25CC949C8 /* Pods-Layouts.release.xcconfig */ = {isa = PBXFileReference; includeInIndex = 1; lastKnownFileType = text.xcconfig; name = "Pods-Layouts.release.xcconfig"; path = "Pods/Target Support Files/Pods-Layouts/Pods-Layouts.release.xcconfig"; sourceTree = "<group>"; };
/* End PBXFileReference section */

/* Begin PBXFrameworksBuildPhase section */
		024DFF4F1EAB8DC9007A16B3 /* Frameworks */ = {
			isa = PBXFrameworksBuildPhase;
			buildActionMask = 2147483647;
			files = (
				340550279246F9D9439B73F2 /* Pods_Layouts.framework in Frameworks */,
			);
			runOnlyForDeploymentPostprocessing = 0;
		};
/* End PBXFrameworksBuildPhase section */

/* Begin PBXGroup section */
		024DFF491EAB8DC9007A16B3 = {
			isa = PBXGroup;
			children = (
				024DFF541EAB8DC9007A16B3 /* Layouts */,
				024DFF531EAB8DC9007A16B3 /* Products */,
				05A8CF39510BDEAF89452F84 /* Pods */,
				A6EBF2883E08683831601531 /* Frameworks */,
			);
			sourceTree = "<group>";
		};
		024DFF531EAB8DC9007A16B3 /* Products */ = {
			isa = PBXGroup;
			children = (
				024DFF521EAB8DC9007A16B3 /* Layouts.app */,
			);
			name = Products;
			sourceTree = "<group>";
		};
		024DFF541EAB8DC9007A16B3 /* Layouts */ = {
			isa = PBXGroup;
			children = (
				024DFF551EAB8DC9007A16B3 /* AppDelegate.swift */,
				024DFF691EAB90BB007A16B3 /* Menu */,
				024DFF8E1EABF7EB007A16B3 /* Layouts */,
				024DFF681EAB8EC4007A16B3 /* Helpers */,
				024DFF5C1EAB8DC9007A16B3 /* Assets.xcassets */,
				024DFF5E1EAB8DC9007A16B3 /* LaunchScreen.storyboard */,
				024DFF611EAB8DC9007A16B3 /* Info.plist */,
			);
			path = Layouts;
			sourceTree = "<group>";
		};
		024DFF671EAB8EAC007A16B3 /* Carousel */ = {
			isa = PBXGroup;
			children = (
				024DFF741EAB9BB8007A16B3 /* CarouselCollectionViewController.swift */,
				024DFF871EABD811007A16B3 /* CarouselItem.swift */,
				024DFF891EABD817007A16B3 /* CarouselCell.swift */,
				024DFF8B1EABD8A6007A16B3 /* CarouselCellFlowLayout.swift */,
			);
			path = Carousel;
			sourceTree = "<group>";
		};
		024DFF681EAB8EC4007A16B3 /* Helpers */ = {
			isa = PBXGroup;
			children = (
				024DFF781EABC208007A16B3 /* Cells */,
				024DFF6C1EAB9129007A16B3 /* LayoutBuilder.swift */,
				024DFF6E1EAB920A007A16B3 /* Array+NSLayoutConstraint.swift */,
				024DFF701EAB930E007A16B3 /* Reusable.swift */,
				024DFF721EAB9386007A16B3 /* CellHelpers.swift */,
				024DFF831EABC95F007A16B3 /* Colors.swift */,
				024DFF851EABCE89007A16B3 /* LoremIpsum.swift */,
			);
			path = Helpers;
			sourceTree = "<group>";
		};
		024DFF691EAB90BB007A16B3 /* Menu */ = {
			isa = PBXGroup;
			children = (
				024DFF6A1EAB9108007A16B3 /* MenuViewController.swift */,
			);
			path = Menu;
			sourceTree = "<group>";
		};
		024DFF781EABC208007A16B3 /* Cells */ = {
			isa = PBXGroup;
			children = (
			);
			name = Cells;
			sourceTree = "<group>";
		};
		024DFF7C1EABC255007A16B3 /* SimpleAutoresizing */ = {
			isa = PBXGroup;
			children = (
				024DFF7D1EABC38D007A16B3 /* AutoresizingCellsViewController.swift */,
				024DFF7F1EABC3A8007A16B3 /* AutoresizingItem.swift */,
				024DFF811EABC3BA007A16B3 /* AutoresizingCell.swift */,
			);
			name = SimpleAutoresizing;
			sourceTree = "<group>";
		};
		024DFF8D1EABF7BC007A16B3 /* Vertical Carousel */ = {
			isa = PBXGroup;
			children = (
				024DFF901EABF849007A16B3 /* FixedVerticalCarouselController.swift */,
				024DFF921EABF89F007A16B3 /* FixedVerticalCarouselCell.swift */,
				024DFF941EABF8AF007A16B3 /* FixedVerticalCarouselItem.swift */,
				024DFF961EABF8BD007A16B3 /* FixedVerticalCarouselLayout.swift */,
			);
			name = "Vertical Carousel";
			path = Carousel;
			sourceTree = "<group>";
		};
		024DFF8E1EABF7EB007A16B3 /* Layouts */ = {
			isa = PBXGroup;
			children = (
				026CA9FF1EB629F9004B1AB1 /* INPROGRESS */,
				024DFFA11EACD89C007A16B3 /* Sticky Header */,
				024DFFA21EACD8A4007A16B3 /* Expanding cells */,
				026CAA001EB62A23004B1AB1 /* Arc Layout */,
				026CA9F61EB604DD004B1AB1 /* Circle Layout */,
				024DFFA01EACD85F007A16B3 /* Stretching Header */,
				024DFF8F1EABF82E007A16B3 /* Aligned Layout */,
				024DFF8D1EABF7BC007A16B3 /* Vertical Carousel */,
				024DFF671EAB8EAC007A16B3 /* Carousel */,
				024DFF7C1EABC255007A16B3 /* SimpleAutoresizing */,
			);
			name = Layouts;
			sourceTree = "<group>";
		};
		024DFF8F1EABF82E007A16B3 /* Aligned Layout */ = {
			isa = PBXGroup;
			children = (
				024DFF981EACBE85007A16B3 /* AlignedItem.swift */,
				024DFF9A1EACBE91007A16B3 /* AlignedCell.swift */,
				024DFF9C1EACBE97007A16B3 /* AlignedLayout.swift */,
				024DFF9E1EACBEA3007A16B3 /* AlignedViewController.swift */,
			);
			name = "Aligned Layout";
			sourceTree = "<group>";
		};
		024DFFA01EACD85F007A16B3 /* Stretching Header */ = {
			isa = PBXGroup;
			children = (
				024DFFA51EACD9B2007A16B3 /* StretchingHeaderFlowLayout.swift */,
				024DFFA71EACD9E0007A16B3 /* StretchingHeaderItem.swift */,
				024DFFA91EACD9ED007A16B3 /* StretchingHeaderCell.swift */,
				024DFFAB1EACD9F7007A16B3 /* StretchingHeaderController.swift */,
				024DFFAD1EACDD38007A16B3 /* StretchingHeaderView.swift */,
			);
			name = "Stretching Header";
			sourceTree = "<group>";
		};
		024DFFA11EACD89C007A16B3 /* Sticky Header */ = {
			isa = PBXGroup;
			children = (
				026CAA091EB650C5004B1AB1 /* StickyCell.swift */,
				026CAA0B1EB650E0004B1AB1 /* StickyItem.swift */,
				026CAA0D1EB650EA004B1AB1 /* StickyViewController.swift */,
				026CAA0F1EB650F8004B1AB1 /* StickyLayout.swift */,
				026CAA111EB67BEA004B1AB1 /* StickyHeader.swift */,
			);
			name = "Sticky Header";
			sourceTree = "<group>";
		};
		024DFFA21EACD8A4007A16B3 /* Expanding cells */ = {
			isa = PBXGroup;
			children = (
				024DFFAF1EAD1241007A16B3 /* ExpandingLayout.swift */,
				024DFFB11EAD1258007A16B3 /* ExpandingViewController.swift */,
				024DFFB31EAD1261007A16B3 /* ExpandingItem.swift */,
				024DFFB51EAD1266007A16B3 /* ExpandingCell.swift */,
			);
			name = "Expanding cells";
			sourceTree = "<group>";
		};
		024DFFA41EACD8B3007A16B3 /* TinderLike */ = {
			isa = PBXGroup;
			children = (
				026CAA131EB75FED004B1AB1 /* TinderLikeViewController.swift */,
				026CAA151EB75FF5004B1AB1 /* TinderLikeCell.swift */,
				026CAA171EB75FFC004B1AB1 /* TinderLikeItem.swift */,
				026CAA191EB7600F004B1AB1 /* TinderLikeLayout.swift */,
			);
			name = TinderLike;
			sourceTree = "<group>";
		};
		026CA9F61EB604DD004B1AB1 /* Circle Layout */ = {
			isa = PBXGroup;
			children = (
				026CA9F71EB604FD004B1AB1 /* CircleItem.swift */,
				026CA9F91EB6050F004B1AB1 /* CircleCell.swift */,
				026CA9FB1EB6051B004B1AB1 /* CircleLayout.swift */,
				026CA9FD1EB60521004B1AB1 /* CircleViewController.swift */,
			);
			name = "Circle Layout";
			sourceTree = "<group>";
		};
		026CA9FF1EB629F9004B1AB1 /* INPROGRESS */ = {
			isa = PBXGroup;
			children = (
				024DFFA41EACD8B3007A16B3 /* TinderLike */,
			);
			name = INPROGRESS;
			sourceTree = "<group>";
		};
		026CAA001EB62A23004B1AB1 /* Arc Layout */ = {
			isa = PBXGroup;
			children = (
				026CAA011EB62A3F004B1AB1 /* ArcItem.swift */,
				026CAA031EB62A48004B1AB1 /* ArcCell.swift */,
				026CAA051EB62A59004B1AB1 /* ArcViewController.swift */,
				026CAA071EB62A6C004B1AB1 /* ArcLayout.swift */,
			);
			name = "Arc Layout";
			sourceTree = "<group>";
		};
		05A8CF39510BDEAF89452F84 /* Pods */ = {
			isa = PBXGroup;
			children = (
				0B4DDBA550E56C16ECC94761 /* Pods-Layouts.debug.xcconfig */,
				369C4ADE8EC655D25CC949C8 /* Pods-Layouts.release.xcconfig */,
			);
			name = Pods;
			sourceTree = "<group>";
		};
		A6EBF2883E08683831601531 /* Frameworks */ = {
			isa = PBXGroup;
			children = (
				063FF53B3CC7BB6759908D0D /* Pods_Layouts.framework */,
			);
			name = Frameworks;
			sourceTree = "<group>";
		};
/* End PBXGroup section */

/* Begin PBXNativeTarget section */
		024DFF511EAB8DC9007A16B3 /* Layouts */ = {
			isa = PBXNativeTarget;
			buildConfigurationList = 024DFF641EAB8DC9007A16B3 /* Build configuration list for PBXNativeTarget "Layouts" */;
			buildPhases = (
				A86A36F694AF4B9D03B58EC1 /* [CP] Check Pods Manifest.lock */,
				024DFF4E1EAB8DC9007A16B3 /* Sources */,
				024DFF4F1EAB8DC9007A16B3 /* Frameworks */,
				024DFF501EAB8DC9007A16B3 /* Resources */,
				DCF9F377C9FB961D8EBEE47A /* [CP] Embed Pods Frameworks */,
				5005F97110758E4DDEC47A5B /* [CP] Copy Pods Resources */,
			);
			buildRules = (
			);
			dependencies = (
			);
			name = Layouts;
			productName = Layouts;
			productReference = 024DFF521EAB8DC9007A16B3 /* Layouts.app */;
			productType = "com.apple.product-type.application";
		};
/* End PBXNativeTarget section */

/* Begin PBXProject section */
		024DFF4A1EAB8DC9007A16B3 /* Project object */ = {
			isa = PBXProject;
			attributes = {
				LastSwiftUpdateCheck = 0830;
				LastUpgradeCheck = 0830;
				ORGANIZATIONNAME = CappSoft;
				TargetAttributes = {
					024DFF511EAB8DC9007A16B3 = {
						CreatedOnToolsVersion = 8.3.1;
						ProvisioningStyle = Automatic;
					};
				};
			};
			buildConfigurationList = 024DFF4D1EAB8DC9007A16B3 /* Build configuration list for PBXProject "Layouts" */;
			compatibilityVersion = "Xcode 3.2";
			developmentRegion = English;
			hasScannedForEncodings = 0;
			knownRegions = (
				en,
				Base,
			);
			mainGroup = 024DFF491EAB8DC9007A16B3;
			productRefGroup = 024DFF531EAB8DC9007A16B3 /* Products */;
			projectDirPath = "";
			projectRoot = "";
			targets = (
				024DFF511EAB8DC9007A16B3 /* Layouts */,
			);
		};
/* End PBXProject section */

/* Begin PBXResourcesBuildPhase section */
		024DFF501EAB8DC9007A16B3 /* Resources */ = {
			isa = PBXResourcesBuildPhase;
			buildActionMask = 2147483647;
			files = (
				024DFF601EAB8DC9007A16B3 /* LaunchScreen.storyboard in Resources */,
				024DFF5D1EAB8DC9007A16B3 /* Assets.xcassets in Resources */,
			);
			runOnlyForDeploymentPostprocessing = 0;
		};
/* End PBXResourcesBuildPhase section */

/* Begin PBXShellScriptBuildPhase section */
		5005F97110758E4DDEC47A5B /* [CP] Copy Pods Resources */ = {
			isa = PBXShellScriptBuildPhase;
			buildActionMask = 2147483647;
			files = (
			);
			inputPaths = (
			);
			name = "[CP] Copy Pods Resources";
			outputPaths = (
			);
			runOnlyForDeploymentPostprocessing = 0;
			shellPath = /bin/sh;
			shellScript = "\"${SRCROOT}/Pods/Target Support Files/Pods-Layouts/Pods-Layouts-resources.sh\"\n";
			showEnvVarsInLog = 0;
		};
		A86A36F694AF4B9D03B58EC1 /* [CP] Check Pods Manifest.lock */ = {
			isa = PBXShellScriptBuildPhase;
			buildActionMask = 2147483647;
			files = (
			);
			inputPaths = (
			);
			name = "[CP] Check Pods Manifest.lock";
			outputPaths = (
			);
			runOnlyForDeploymentPostprocessing = 0;
			shellPath = /bin/sh;
			shellScript = "diff \"${PODS_ROOT}/../Podfile.lock\" \"${PODS_ROOT}/Manifest.lock\" > /dev/null\nif [ $? != 0 ] ; then\n    # print error to STDERR\n    echo \"error: The sandbox is not in sync with the Podfile.lock. Run 'pod install' or update your CocoaPods installation.\" >&2\n    exit 1\nfi\n";
			showEnvVarsInLog = 0;
		};
		DCF9F377C9FB961D8EBEE47A /* [CP] Embed Pods Frameworks */ = {
			isa = PBXShellScriptBuildPhase;
			buildActionMask = 2147483647;
			files = (
			);
			inputPaths = (
			);
			name = "[CP] Embed Pods Frameworks";
			outputPaths = (
			);
			runOnlyForDeploymentPostprocessing = 0;
			shellPath = /bin/sh;
			shellScript = "\"${SRCROOT}/Pods/Target Support Files/Pods-Layouts/Pods-Layouts-frameworks.sh\"\n";
			showEnvVarsInLog = 0;
		};
/* End PBXShellScriptBuildPhase section */

/* Begin PBXSourcesBuildPhase section */
		024DFF4E1EAB8DC9007A16B3 /* Sources */ = {
			isa = PBXSourcesBuildPhase;
			buildActionMask = 2147483647;
			files = (
				026CAA041EB62A48004B1AB1 /* ArcCell.swift in Sources */,
				024DFFAE1EACDD38007A16B3 /* StretchingHeaderView.swift in Sources */,
				024DFFAC1EACD9F7007A16B3 /* StretchingHeaderController.swift in Sources */,
				026CA9FE1EB60521004B1AB1 /* CircleViewController.swift in Sources */,
				024DFF711EAB930E007A16B3 /* Reusable.swift in Sources */,
				026CA9FA1EB6050F004B1AB1 /* CircleCell.swift in Sources */,
				024DFF9F1EACBEA3007A16B3 /* AlignedViewController.swift in Sources */,
				026CAA161EB75FF5004B1AB1 /* TinderLikeCell.swift in Sources */,
				024DFF841EABC95F007A16B3 /* Colors.swift in Sources */,
				026CAA181EB75FFC004B1AB1 /* TinderLikeItem.swift in Sources */,
				024DFF6B1EAB9108007A16B3 /* MenuViewController.swift in Sources */,
				024DFF751EAB9BB8007A16B3 /* CarouselCollectionViewController.swift in Sources */,
				024DFF861EABCE89007A16B3 /* LoremIpsum.swift in Sources */,
				026CAA0E1EB650EA004B1AB1 /* StickyViewController.swift in Sources */,
				024DFF561EAB8DC9007A16B3 /* AppDelegate.swift in Sources */,
				024DFFB41EAD1261007A16B3 /* ExpandingItem.swift in Sources */,
				026CAA0C1EB650E0004B1AB1 /* StickyItem.swift in Sources */,
				024DFF881EABD811007A16B3 /* CarouselItem.swift in Sources */,
				024DFF991EACBE85007A16B3 /* AlignedItem.swift in Sources */,
				026CAA141EB75FED004B1AB1 /* TinderLikeViewController.swift in Sources */,
				024DFFB61EAD1266007A16B3 /* ExpandingCell.swift in Sources */,
				026CAA121EB67BEA004B1AB1 /* StickyHeader.swift in Sources */,
				024DFF6D1EAB9129007A16B3 /* LayoutBuilder.swift in Sources */,
				024DFFA61EACD9B2007A16B3 /* StretchingHeaderFlowLayout.swift in Sources */,
				024DFFA81EACD9E0007A16B3 /* StretchingHeaderItem.swift in Sources */,
				024DFF931EABF89F007A16B3 /* FixedVerticalCarouselCell.swift in Sources */,
				024DFF731EAB9386007A16B3 /* CellHelpers.swift in Sources */,
				024DFF971EABF8BD007A16B3 /* FixedVerticalCarouselLayout.swift in Sources */,
				024DFF7E1EABC38D007A16B3 /* AutoresizingCellsViewController.swift in Sources */,
				026CA9F81EB604FD004B1AB1 /* CircleItem.swift in Sources */,
				026CAA101EB650F8004B1AB1 /* StickyLayout.swift in Sources */,
				024DFF6F1EAB920A007A16B3 /* Array+NSLayoutConstraint.swift in Sources */,
				024DFF9B1EACBE91007A16B3 /* AlignedCell.swift in Sources */,
				024DFF8A1EABD817007A16B3 /* CarouselCell.swift in Sources */,
				024DFF9D1EACBE97007A16B3 /* AlignedLayout.swift in Sources */,
				026CAA061EB62A59004B1AB1 /* ArcViewController.swift in Sources */,
				024DFF951EABF8AF007A16B3 /* FixedVerticalCarouselItem.swift in Sources */,
				026CAA021EB62A3F004B1AB1 /* ArcItem.swift in Sources */,
				024DFF911EABF849007A16B3 /* FixedVerticalCarouselController.swift in Sources */,
				024DFF8C1EABD8A6007A16B3 /* CarouselCellFlowLayout.swift in Sources */,
				024DFFB21EAD1258007A16B3 /* ExpandingViewController.swift in Sources */,
				024DFFAA1EACD9ED007A16B3 /* StretchingHeaderCell.swift in Sources */,
				026CAA1A1EB7600F004B1AB1 /* TinderLikeLayout.swift in Sources */,
				024DFFB01EAD1241007A16B3 /* ExpandingLayout.swift in Sources */,
				026CA9FC1EB6051B004B1AB1 /* CircleLayout.swift in Sources */,
				024DFF801EABC3A8007A16B3 /* AutoresizingItem.swift in Sources */,
				026CAA081EB62A6C004B1AB1 /* ArcLayout.swift in Sources */,
				024DFF821EABC3BA007A16B3 /* AutoresizingCell.swift in Sources */,
				026CAA0A1EB650C5004B1AB1 /* StickyCell.swift in Sources */,
			);
			runOnlyForDeploymentPostprocessing = 0;
		};
/* End PBXSourcesBuildPhase section */

/* Begin PBXVariantGroup section */
		024DFF5E1EAB8DC9007A16B3 /* LaunchScreen.storyboard */ = {
			isa = PBXVariantGroup;
			children = (
				024DFF5F1EAB8DC9007A16B3 /* Base */,
			);
			name = LaunchScreen.storyboard;
			sourceTree = "<group>";
		};
/* End PBXVariantGroup section */

/* Begin XCBuildConfiguration section */
		024DFF621EAB8DC9007A16B3 /* Debug */ = {
			isa = XCBuildConfiguration;
			buildSettings = {
				ALWAYS_SEARCH_USER_PATHS = NO;
				CLANG_ANALYZER_NONNULL = YES;
				CLANG_ANALYZER_NUMBER_OBJECT_CONVERSION = YES_AGGRESSIVE;
				CLANG_CXX_LANGUAGE_STANDARD = "gnu++0x";
				CLANG_CXX_LIBRARY = "libc++";
				CLANG_ENABLE_MODULES = YES;
				CLANG_ENABLE_OBJC_ARC = YES;
				CLANG_WARN_BOOL_CONVERSION = YES;
				CLANG_WARN_CONSTANT_CONVERSION = YES;
				CLANG_WARN_DIRECT_OBJC_ISA_USAGE = YES_ERROR;
				CLANG_WARN_DOCUMENTATION_COMMENTS = YES;
				CLANG_WARN_EMPTY_BODY = YES;
				CLANG_WARN_ENUM_CONVERSION = YES;
				CLANG_WARN_INFINITE_RECURSION = YES;
				CLANG_WARN_INT_CONVERSION = YES;
				CLANG_WARN_OBJC_ROOT_CLASS = YES_ERROR;
				CLANG_WARN_SUSPICIOUS_MOVE = YES;
				CLANG_WARN_UNREACHABLE_CODE = YES;
				CLANG_WARN__DUPLICATE_METHOD_MATCH = YES;
				"CODE_SIGN_IDENTITY[sdk=iphoneos*]" = "iPhone Developer";
				COPY_PHASE_STRIP = NO;
				DEBUG_INFORMATION_FORMAT = dwarf;
				ENABLE_STRICT_OBJC_MSGSEND = YES;
				ENABLE_TESTABILITY = YES;
				GCC_C_LANGUAGE_STANDARD = gnu99;
				GCC_DYNAMIC_NO_PIC = NO;
				GCC_NO_COMMON_BLOCKS = YES;
				GCC_OPTIMIZATION_LEVEL = 0;
				GCC_PREPROCESSOR_DEFINITIONS = (
					"DEBUG=1",
					"$(inherited)",
				);
				GCC_WARN_64_TO_32_BIT_CONVERSION = YES;
				GCC_WARN_ABOUT_RETURN_TYPE = YES_ERROR;
				GCC_WARN_UNDECLARED_SELECTOR = YES;
				GCC_WARN_UNINITIALIZED_AUTOS = YES_AGGRESSIVE;
				GCC_WARN_UNUSED_FUNCTION = YES;
				GCC_WARN_UNUSED_VARIABLE = YES;
				IPHONEOS_DEPLOYMENT_TARGET = 10.3;
				MTL_ENABLE_DEBUG_INFO = YES;
				ONLY_ACTIVE_ARCH = YES;
				SDKROOT = iphoneos;
				SWIFT_ACTIVE_COMPILATION_CONDITIONS = DEBUG;
				SWIFT_OPTIMIZATION_LEVEL = "-Onone";
			};
			name = Debug;
		};
		024DFF631EAB8DC9007A16B3 /* Release */ = {
			isa = XCBuildConfiguration;
			buildSettings = {
				ALWAYS_SEARCH_USER_PATHS = NO;
				CLANG_ANALYZER_NONNULL = YES;
				CLANG_ANALYZER_NUMBER_OBJECT_CONVERSION = YES_AGGRESSIVE;
				CLANG_CXX_LANGUAGE_STANDARD = "gnu++0x";
				CLANG_CXX_LIBRARY = "libc++";
				CLANG_ENABLE_MODULES = YES;
				CLANG_ENABLE_OBJC_ARC = YES;
				CLANG_WARN_BOOL_CONVERSION = YES;
				CLANG_WARN_CONSTANT_CONVERSION = YES;
				CLANG_WARN_DIRECT_OBJC_ISA_USAGE = YES_ERROR;
				CLANG_WARN_DOCUMENTATION_COMMENTS = YES;
				CLANG_WARN_EMPTY_BODY = YES;
				CLANG_WARN_ENUM_CONVERSION = YES;
				CLANG_WARN_INFINITE_RECURSION = YES;
				CLANG_WARN_INT_CONVERSION = YES;
				CLANG_WARN_OBJC_ROOT_CLASS = YES_ERROR;
				CLANG_WARN_SUSPICIOUS_MOVE = YES;
				CLANG_WARN_UNREACHABLE_CODE = YES;
				CLANG_WARN__DUPLICATE_METHOD_MATCH = YES;
				"CODE_SIGN_IDENTITY[sdk=iphoneos*]" = "iPhone Developer";
				COPY_PHASE_STRIP = NO;
				DEBUG_INFORMATION_FORMAT = "dwarf-with-dsym";
				ENABLE_NS_ASSERTIONS = NO;
				ENABLE_STRICT_OBJC_MSGSEND = YES;
				GCC_C_LANGUAGE_STANDARD = gnu99;
				GCC_NO_COMMON_BLOCKS = YES;
				GCC_WARN_64_TO_32_BIT_CONVERSION = YES;
				GCC_WARN_ABOUT_RETURN_TYPE = YES_ERROR;
				GCC_WARN_UNDECLARED_SELECTOR = YES;
				GCC_WARN_UNINITIALIZED_AUTOS = YES_AGGRESSIVE;
				GCC_WARN_UNUSED_FUNCTION = YES;
				GCC_WARN_UNUSED_VARIABLE = YES;
				IPHONEOS_DEPLOYMENT_TARGET = 10.3;
				MTL_ENABLE_DEBUG_INFO = NO;
				SDKROOT = iphoneos;
				SWIFT_OPTIMIZATION_LEVEL = "-Owholemodule";
				VALIDATE_PRODUCT = YES;
			};
			name = Release;
		};
		024DFF651EAB8DC9007A16B3 /* Debug */ = {
			isa = XCBuildConfiguration;
			baseConfigurationReference = 0B4DDBA550E56C16ECC94761 /* Pods-Layouts.debug.xcconfig */;
			buildSettings = {
				ASSETCATALOG_COMPILER_APPICON_NAME = AppIcon;
				INFOPLIST_FILE = Layouts/Info.plist;
				LD_RUNPATH_SEARCH_PATHS = "$(inherited) @executable_path/Frameworks";
				PRODUCT_BUNDLE_IDENTIFIER = com.cappsoft.Layouts;
				PRODUCT_NAME = "$(TARGET_NAME)";
				SWIFT_VERSION = 3.0;
			};
			name = Debug;
		};
		024DFF661EAB8DC9007A16B3 /* Release */ = {
			isa = XCBuildConfiguration;
			baseConfigurationReference = 369C4ADE8EC655D25CC949C8 /* Pods-Layouts.release.xcconfig */;
			buildSettings = {
				ASSETCATALOG_COMPILER_APPICON_NAME = AppIcon;
				INFOPLIST_FILE = Layouts/Info.plist;
				LD_RUNPATH_SEARCH_PATHS = "$(inherited) @executable_path/Frameworks";
				PRODUCT_BUNDLE_IDENTIFIER = com.cappsoft.Layouts;
				PRODUCT_NAME = "$(TARGET_NAME)";
				SWIFT_VERSION = 3.0;
			};
			name = Release;
		};
/* End XCBuildConfiguration section */

/* Begin XCConfigurationList section */
		024DFF4D1EAB8DC9007A16B3 /* Build configuration list for PBXProject "Layouts" */ = {
			isa = XCConfigurationList;
			buildConfigurations = (
				024DFF621EAB8DC9007A16B3 /* Debug */,
				024DFF631EAB8DC9007A16B3 /* Release */,
			);
			defaultConfigurationIsVisible = 0;
			defaultConfigurationName = Release;
		};
		024DFF641EAB8DC9007A16B3 /* Build configuration list for PBXNativeTarget "Layouts" */ = {
			isa = XCConfigurationList;
			buildConfigurations = (
				024DFF651EAB8DC9007A16B3 /* Debug */,
				024DFF661EAB8DC9007A16B3 /* Release */,
			);
			defaultConfigurationIsVisible = 0;
			defaultConfigurationName = Release;
		};
/* End XCConfigurationList section */
	};
	rootObject = 024DFF4A1EAB8DC9007A16B3 /* Project object */;
}
